schema: '2.0'
stages:
  DataIngestion:
    cmd: python src/trainingPpln/s1_dataIngestion.py
    deps:
    - path: src/trainingPpln/s1_dataIngestion.py
      hash: md5
      md5: 1c193dcf4fef3143b311acf88b46b5b8
      size: 2193
    outs:
    - path: Data/01_RawData/Airline.csv
      hash: md5
      md5: e968031f6686a71a8ce6e4ce64b3c34e
      size: 1089598
  DataCleaning:
    cmd: python src/trainingPpln/s2_Data_Cleaning.py
    deps:
    - path: Data/01_RawData/Airline.csv
      hash: md5
      md5: e968031f6686a71a8ce6e4ce64b3c34e
      size: 1089598
    - path: src/trainingPpln/s2_Data_Cleaning.py
      hash: md5
      md5: 8f8ee236e6950d4ecc0422e0f0e50015
      size: 8085
    outs:
    - path: Data/02_CleanedData/CleanedData.csv
      hash: md5
      md5: 1f564a134f850c9169c5f38677e39a47
      size: 688161
  RemoveOutliers:
    cmd: python src/trainingPpln/s3_RemoveOutliers.py
    deps:
    - path: Data/02_CleanedData/CleanedData.csv
      hash: md5
      md5: 1f564a134f850c9169c5f38677e39a47
      size: 688161
    - path: constants.yaml
      hash: md5
      md5: 272e7e923b8ca4e1b5d3bb7e96c6d7ee
      size: 483
    - path: src/trainingPpln/s3_RemoveOutliers.py
      hash: md5
      md5: 80b8def331ed0ac7a965d90cf3da04f5
      size: 3153
    outs:
    - path: Data/03_noOutlierData/noOutlierDataFile.csv
      hash: md5
      md5: 1f564a134f850c9169c5f38677e39a47
      size: 688161
  Encoder_N_Scaler:
    cmd: python src/trainingPpln/s4_EncodingNscalling.py
    deps:
    - path: Data/03_noOutlierData/noOutlierDataFile.csv
      hash: md5
      md5: 1f564a134f850c9169c5f38677e39a47
      size: 688161
    - path: constants.yaml
      hash: md5
      md5: 272e7e923b8ca4e1b5d3bb7e96c6d7ee
      size: 483
    - path: src/trainingPpln/s4_EncodingNscalling.py
      hash: md5
      md5: 1deed7fe1228dfbe17deb42220c059ea
      size: 4625
    outs:
    - path: Data/04_encoded_Data/X_test.csv
      hash: md5
      md5: 4c65cc90542110fa887273a92b5e2aea
      size: 503163
    - path: Data/04_encoded_Data/X_train.csv
      hash: md5
      md5: 05c141dba868564565107628c9c4e436
      size: 1512053
    - path: Data/04_encoded_Data/y_test.csv
      hash: md5
      md5: d5c297553f6fff559c5624d9ddc3f75e
      size: 17137
    - path: Data/04_encoded_Data/y_train.csv
      hash: md5
      md5: 0c553c4908a1c6f6729c17854ba87b0c
      size: 51338
  Model_Training:
    cmd: python src/trainingPpln/s5_Model_Training.py
    deps:
    - path: Data/04_encoded_Data/X_test.csv
      hash: md5
      md5: 4c65cc90542110fa887273a92b5e2aea
      size: 503163
    - path: Data/04_encoded_Data/X_train.csv
      hash: md5
      md5: 05c141dba868564565107628c9c4e436
      size: 1512053
    - path: Data/04_encoded_Data/y_train.csv
      hash: md5
      md5: 0c553c4908a1c6f6729c17854ba87b0c
      size: 51338
    - path: constants.yaml
      hash: md5
      md5: 272e7e923b8ca4e1b5d3bb7e96c6d7ee
      size: 483
    - path: modelsParams.yaml
      hash: md5
      md5: 05d4b727a9bf376dd18c80d84c19bcf4
      size: 381
    - path: src/trainingPpln/s5_Model_Training.py
      hash: md5
      md5: c98e4b615db3acff325e4504ba3b53b0
      size: 7281
    outs:
    - path: reports/experiment_info.json
      hash: md5
      md5: 03d00e34474c89432e293f4493435a09
      size: 82
  Register_Model:
    cmd: python src/trainingPpln/s6_register_model.py
    deps:
    - path: reports/experiment_info.json
      hash: md5
      md5: 03d00e34474c89432e293f4493435a09
      size: 82
    - path: src/trainingPpln/s6_register_model.py
      hash: md5
      md5: acca147f4bf7fe855865f277b11ffb8f
      size: 3370
  stage_Transition_Model:
    cmd: python src/trainingPpln/s7_stage_Transition.py
    deps:
    - path: reports/experiment_info.json
      hash: md5
      md5: 03d00e34474c89432e293f4493435a09
      size: 82
    - path: src/trainingPpln/s7_stage_Transition.py
      hash: md5
      md5: 26404d523ac65bbd3d3482d619033146
      size: 3425
